PODS:
  - Alamofire (5.6.4)
  - FBSnapshotTestCase (2.1.4):
    - FBSnapshotTestCase/SwiftSupport (= 2.1.4)
  - FBSnapshotTestCase/Core (2.1.4)
  - FBSnapshotTestCase/SwiftSupport (2.1.4):
    - FBSnapshotTestCase/Core
  - HandyJSON (5.0.2)
  - LYNetworkService (0.1.2):
    - Alamofire
    - HandyJSON
    - SwiftyJSON
  - SwiftyJSON (5.0.1)

DEPENDENCIES:
  - Alamofire
  - FBSnapshotTestCase (~> 2.1.4)
  - HandyJSON
  - LYNetworkService (from `../`)
  - SwiftyJSON (from `https://github.com/dqb101140127/SwiftyJSON.git`)

SPEC REPOS:
  trunk:
    - Alamofire
    - FBSnapshotTestCase
    - HandyJSON

EXTERNAL SOURCES:
  LYNetworkService:
    :path: "../"
  SwiftyJSON:
    :git: https://github.com/dqb101140127/SwiftyJSON.git

CHECKOUT OPTIONS:
  SwiftyJSON:
    :commit: af1f7a2007d607fbe735c445f19080df4260fe8e
    :git: https://github.com/dqb101140127/SwiftyJSON.git

SPEC CHECKSUMS:
  Alamofire: 4e95d97098eacb88856099c4fc79b526a299e48c
  FBSnapshotTestCase: 094f9f314decbabe373b87cc339bea235a63e07a
  HandyJSON: 9e4e236f5d2dbefad5155a77417bbea438201c03
  LYNetworkService: 8cee07adfffb228d8eb97f2be858bb6ef564426a
  SwiftyJSON: 2f33a42c6fbc52764d96f13368585094bfd8aa5e

PODFILE CHECKSUM: 15c3dc25cce771dc2ae0fa445c4cb6ed682cfbeb

COCOAPODS: 1.11.3
